# THIS IS AN AUTOGENERATED FILE. DO NOT EDIT THIS FILE DIRECTLY.
# yarn lockfile v1


driver-browser@^0.6.3:
  version "0.6.3"
  resolved "http://registry.npm.taobao.org/driver-browser/download/driver-browser-0.6.3.tgz#c769ac4a276fba9e1fa0721be431f2e8ac4b9b28"
  dependencies:
    style-unit "^0.6.3"

driver-server@^0.6.3:
  version "0.6.3"
  resolved "http://registry.npm.taobao.org/driver-server/download/driver-server-0.6.3.tgz#875f68cd58578feeaffa3bb9056be246a0f67671"
  dependencies:
    style-unit "^0.6.3"

driver-weex@^0.6.3:
  version "0.6.3"
  resolved "http://registry.npm.taobao.org/driver-weex/download/driver-weex-0.6.3.tgz#4182c992b29aa0ed6571ca26f5e3af97b31a68da"
  dependencies:
    style-unit "^0.6.3"

qox-page@^0.0.1:
  version "0.0.1"
  resolved "https://registry.yarnpkg.com/qox-page/-/qox-page-0.0.1.tgz#11ebf5168c1edb6bb2be120a9957794b78ac43ce"
  dependencies:
    rax "0.x.x"
    rax-recyclerview "^0.6.3"
    rax-text "0.x.x"
    rax-view "0.x.x"

rax-recyclerview@^0.6.3:
  version "0.6.3"
  resolved "https://registry.yarnpkg.com/rax-recyclerview/-/rax-recyclerview-0.6.3.tgz#dd9d61546e33340555b1af0a47415c682978bc23"
  dependencies:
    rax-refreshcontrol "^0.6.3"
    rax-scrollview "^0.6.3"
    rax-view "^0.6.3"
    universal-env "^0.6.3"

rax-refreshcontrol@^0.6.3:
  version "0.6.3"
  resolved "https://registry.yarnpkg.com/rax-refreshcontrol/-/rax-refreshcontrol-0.6.3.tgz#b2059920e18adbddd32103b9afb51fb012d79a14"
  dependencies:
    universal-env "^0.6.3"

rax-scrollview@^0.6.3:
  version "0.6.3"
  resolved "https://registry.yarnpkg.com/rax-scrollview/-/rax-scrollview-0.6.3.tgz#b243e977e2af8f48feb613407909cef453585609"
  dependencies:
    rax-refreshcontrol "^0.6.3"
    rax-view "^0.6.3"
    universal-env "^0.6.3"

rax-text@0.x.x:
  version "0.6.3"
  resolved "https://registry.yarnpkg.com/rax-text/-/rax-text-0.6.3.tgz#87adf6be24447492fc8edf56f938a734204b076f"
  dependencies:
    universal-env "^0.6.3"

rax-view@0.x.x, rax-view@^0.6.3:
  version "0.6.3"
  resolved "https://registry.yarnpkg.com/rax-view/-/rax-view-0.6.3.tgz#1e0588749fe46fe0c6290b7e7266873ab63e06d2"
  dependencies:
    universal-env "^0.6.3"

rax@0.x.x:
  version "0.6.3"
  resolved "https://registry.yarnpkg.com/rax/-/rax-0.6.3.tgz#3bde4054e633e737388b4f0368fbd7efe916a35a"
  dependencies:
    driver-browser "^0.6.3"
    driver-server "^0.6.3"
    driver-weex "^0.6.3"
    style-unit "^0.6.3"
    universal-env "^0.6.3"

style-unit@^0.6.3:
  version "0.6.3"
  resolved "http://registry.npm.taobao.org/style-unit/download/style-unit-0.6.3.tgz#59a85ca27263427fd320158383ae1c496dca4cd2"

universal-env@^0.6.3:
  version "0.6.3"
  resolved "http://registry.npm.taobao.org/universal-env/download/universal-env-0.6.3.tgz#f96560394cb1f2f508b99d7af05bd17dab89f6f0"
